Microsoft Visual Studio Solution File, Format Version 12.00
# Visual Studio Version 17
VisualStudioVersion = 17.5.2.0
MinimumVisualStudioVersion = 10.0.40219.1
Project("{FAE04EC0-301F-11D3-BF4B-00C04F79EFBC}") = "Rastreio", "Rastreio.csproj", "{A3906201-6D3F-F351-FA98-0F0B956F6193}"
EndProject
Global
	GlobalSection(SolutionConfigurationPlatforms) = preSolution
		Debug|Any CPU = Debug|Any CPU
		Release|Any CPU = Release|Any CPU
	EndGlobalSection
	GlobalSection(ProjectConfigurationPlatforms) = postSolution
		{A3906201-6D3F-F351-FA98-0F0B956F6193}.Debug|Any CPU.ActiveCfg = Debug|Any CPU
		{A3906201-6D3F-F351-FA98-0F0B956F6193}.Debug|Any CPU.Build.0 = Debug|Any CPU
		{A3906201-6D3F-F351-FA98-0F0B956F6193}.Release|Any CPU.ActiveCfg = Release|Any CPU
		{A3906201-6D3F-F351-FA98-0F0B956F6193}.Release|Any CPU.Build.0 = Release|Any CPU
	EndGlobalSection
	GlobalSection(SolutionProperties) = preSolution
		HideSolutionNode = FALSE
	EndGlobalSection
	GlobalSection(ExtensibilityGlobals) = postSolution
		SolutionGuid = {28013513-25EC-4A74-ABBD-BD5E158ECBE2}
	EndGlobalSection
EndGlobal
